
Microsoft Visual Studio Solution File, Format Version 12.00
# Visual Studio Version 17
VisualStudioVersion = 17.8.34408.163
MinimumVisualStudioVersion = 10.0.40219.1
Project("{FAE04EC0-301F-11D3-BF4B-00C04F79EFBC}") = "PairOf", "PairOf\PairOf.csproj", "{A1BB8B7A-9621-4A27-BD32-FD170DCC8897}"
EndProject
Project("{FAE04EC0-301F-11D3-BF4B-00C04F79EFBC}") = "PairOf.Tests", "PairOf.Tests\PairOf.Tests.csproj", "{87FDDD5F-6DCA-436D-9F86-36AAEF9581E4}"
EndProject
Global
	GlobalSection(SolutionConfigurationPlatforms) = preSolution
		Debug|Any CPU = Debug|Any CPU
		Release|Any CPU = Release|Any CPU
	EndGlobalSection
	GlobalSection(ProjectConfigurationPlatforms) = postSolution
		{A1BB8B7A-9621-4A27-BD32-FD170DCC8897}.Debug|Any CPU.ActiveCfg = Debug|Any CPU
		{A1BB8B7A-9621-4A27-BD32-FD170DCC8897}.Debug|Any CPU.Build.0 = Debug|Any CPU
		{A1BB8B7A-9621-4A27-BD32-FD170DCC8897}.Release|Any CPU.ActiveCfg = Release|Any CPU
		{A1BB8B7A-9621-4A27-BD32-FD170DCC8897}.Release|Any CPU.Build.0 = Release|Any CPU
		{87FDDD5F-6DCA-436D-9F86-36AAEF9581E4}.Debug|Any CPU.ActiveCfg = Debug|Any CPU
		{87FDDD5F-6DCA-436D-9F86-36AAEF9581E4}.Debug|Any CPU.Build.0 = Debug|Any CPU
		{87FDDD5F-6DCA-436D-9F86-36AAEF9581E4}.Release|Any CPU.ActiveCfg = Release|Any CPU
		{87FDDD5F-6DCA-436D-9F86-36AAEF9581E4}.Release|Any CPU.Build.0 = Release|Any CPU
	EndGlobalSection
	GlobalSection(SolutionProperties) = preSolution
		HideSolutionNode = FALSE
	EndGlobalSection
	GlobalSection(ExtensibilityGlobals) = postSolution
		SolutionGuid = {4873B881-A6E2-460E-9A51-C7201A4CFF2D}
	EndGlobalSection
EndGlobal
